<?xml version="1.0" encoding="utf-8"?>
<Project ToolsVersion="4.0" xmlns="http://schemas.microsoft.com/developer/msbuild/2003">
  <ItemGroup>
    <Filter Include="Src">
      <UniqueIdentifier>{adac6391-e2f5-45c2-af33-10234f6e4dba}</UniqueIdentifier>
    </Filter>
    <Filter Include="Src\BaseGame">
      <UniqueIdentifier>{8ded61a4-bddf-476c-afcb-a63cc1f72b2a}</UniqueIdentifier>
    </Filter>
    <Filter Include="Src\Renderer">
      <UniqueIdentifier>{ad1ab266-6c6d-4002-a7d3-55ab842b920a}</UniqueIdentifier>
    </Filter>
    <Filter Include="Src\Window">
      <UniqueIdentifier>{9486d881-23f9-41e5-a40b-089afb4b14fe}</UniqueIdentifier>
    </Filter>
    <Filter Include="Src\Entities">
      <UniqueIdentifier>{b088e679-391e-473d-87c0-8846acd89ff0}</UniqueIdentifier>
    </Filter>
    <Filter Include="Src\Utilities">
      <UniqueIdentifier>{a69ba3e8-6b97-457f-94f1-cec4d1615132}</UniqueIdentifier>
    </Filter>
    <Filter Include="Src\Input">
      <UniqueIdentifier>{5960ce84-e2b0-48cd-8464-cb0ff172c987}</UniqueIdentifier>
    </Filter>
  </ItemGroup>
  <ItemGroup>
    <ClCompile Include="src\BaseGame\BaseGame.cpp">
      <Filter>Src\BaseGame</Filter>
    </ClCompile>
    <ClCompile Include="src\Render\Renderer.cpp">
      <Filter>Src\Renderer</Filter>
    </ClCompile>
    <ClCompile Include="src\Window\Window.cpp">
      <Filter>Src\Window</Filter>
    </ClCompile>
    <ClCompile Include="src\Entities\Entity2D.cpp">
      <Filter>Src\Entities</Filter>
    </ClCompile>
    <ClCompile Include="src\Entities\Shape.cpp">
      <Filter>Src\Entities</Filter>
    </ClCompile>
    <ClCompile Include="src\Entities\Entity.cpp">
      <Filter>Src\Entities</Filter>
    </ClCompile>
    <ClCompile Include="src\Entities\Triangle.cpp">
      <Filter>Src\Entities</Filter>
    </ClCompile>
    <ClCompile Include="src\Render\Shader.cpp">
      <Filter>Src\Renderer</Filter>
    </ClCompile>
    <ClCompile Include="src\Entities\Square.cpp">
      <Filter>Src\Entities</Filter>
    </ClCompile>
    <ClCompile Include="src\Input\Input.cpp">
      <Filter>Src\Input</Filter>
    </ClCompile>
    <ClCompile Include="src\Entities\Sprite.cpp">
      <Filter>Src\Entities</Filter>
    </ClCompile>
    <ClCompile Include="src\Tools\stb_image.cpp">
      <Filter>Src\Utilities</Filter>
    </ClCompile>
    <ClCompile Include="src\Tools\TextureImporter.cpp">
      <Filter>Src\Utilities</Filter>
    </ClCompile>
  </ItemGroup>
  <ItemGroup>
    <ClInclude Include="src\BaseGame\BaseGame.h">
      <Filter>Src\BaseGame</Filter>
    </ClInclude>
    <ClInclude Include="src\Render\Renderer.h">
      <Filter>Src\Renderer</Filter>
    </ClInclude>
    <ClInclude Include="src\Window\Window.h">
      <Filter>Src\Window</Filter>
    </ClInclude>
    <ClInclude Include="src\Entities\Entity.h">
      <Filter>Src\Entities</Filter>
    </ClInclude>
    <ClInclude Include="src\Entities\Entity2D.h">
      <Filter>Src\Entities</Filter>
    </ClInclude>
    <ClInclude Include="src\Entities\Shape.h">
      <Filter>Src\Entities</Filter>
    </ClInclude>
    <ClInclude Include="src\Entities\Triangle.h">
      <Filter>Src\Entities</Filter>
    </ClInclude>
    <ClInclude Include="src\Render\Shader.h">
      <Filter>Src\Renderer</Filter>
    </ClInclude>
    <ClInclude Include="src\Entities\Square.h">
      <Filter>Src\Entities</Filter>
    </ClInclude>
    <ClInclude Include="src\Tools\Export.h">
      <Filter>Src\Utilities</Filter>
    </ClInclude>
    <ClInclude Include="src\Input\Input.h">
      <Filter>Src\Input</Filter>
    </ClInclude>
    <ClInclude Include="src\Entities\Sprite.h">
      <Filter>Src\Entities</Filter>
    </ClInclude>
    <ClInclude Include="src\Tools\stb_image.h">
      <Filter>Src\Utilities</Filter>
    </ClInclude>
    <ClInclude Include="src\Tools\TextureImporter.h">
      <Filter>Src\Utilities</Filter>
    </ClInclude>
  </ItemGroup>
</Project>